
Microsoft Visual Studio Solution File, Format Version 12.00
# Visual Studio Version 17
VisualStudioVersion = 17.2.32616.157
MinimumVisualStudioVersion = 10.0.40219.1
Project("{FAE04EC0-301F-11D3-BF4B-00C04F79EFBC}") = "AppCore", "AppCore\AppCore.csproj", "{67C0294F-A1B2-40D7-A3F4-EF5D391ECBE6}"
EndProject
Global
	GlobalSection(SolutionConfigurationPlatforms) = preSolution
		Debug|Any CPU = Debug|Any CPU
		Release|Any CPU = Release|Any CPU
	EndGlobalSection
	GlobalSection(ProjectConfigurationPlatforms) = postSolution
		{67C0294F-A1B2-40D7-A3F4-EF5D391ECBE6}.Debug|Any CPU.ActiveCfg = Debug|Any CPU
		{67C0294F-A1B2-40D7-A3F4-EF5D391ECBE6}.Debug|Any CPU.Build.0 = Debug|Any CPU
		{67C0294F-A1B2-40D7-A3F4-EF5D391ECBE6}.Release|Any CPU.ActiveCfg = Release|Any CPU
		{67C0294F-A1B2-40D7-A3F4-EF5D391ECBE6}.Release|Any CPU.Build.0 = Release|Any CPU
	EndGlobalSection
	GlobalSection(SolutionProperties) = preSolution
		HideSolutionNode = FALSE
	EndGlobalSection
	GlobalSection(ExtensibilityGlobals) = postSolution
		SolutionGuid = {040715AC-7B0C-44ED-B87F-128717ED17E8}
	EndGlobalSection
EndGlobal
